
Microsoft Visual Studio Solution File, Format Version 12.00
# Visual Studio Version 17
VisualStudioVersion = 17.13.35828.75
MinimumVisualStudioVersion = 10.0.40219.1
Project("{2150E333-8FDC-42A3-9474-1A3956D46DE8}") = "Services", "Services", "{02EA681E-C7D8-13C7-8484-4AC65E1B71E8}"
EndProject
Project("{2150E333-8FDC-42A3-9474-1A3956D46DE8}") = "Catalog", "Catalog", "{006BE102-2A67-4643-8528-39E0CABC45E4}"
EndProject
Project("{FAE04EC0-301F-11D3-BF4B-00C04F79EFBC}") = "Catalog.API", "Services\Catalog\Catalog.API\Catalog.API.csproj", "{94B4C0E4-FBC8-4615-BAE4-C37BECDE08AF}"
EndProject
Project("{2150E333-8FDC-42A3-9474-1A3956D46DE8}") = "BuildingBlocks", "BuildingBlocks", "{06C4B060-FF44-4AB2-B107-D25D58A2DD0B}"
EndProject
Project("{FAE04EC0-301F-11D3-BF4B-00C04F79EFBC}") = "BuildingBlocks", "BuildingBlocks\BuildingBlocks\BuildingBlocks.csproj", "{E095F068-4372-4820-B93A-7189A5D9D667}"
EndProject
Project("{E53339B2-1760-4266-BCC7-CA923CBCF16C}") = "docker-compose", "docker-compose.dcproj", "{81DDED9D-158B-E303-5F62-77A2896D2A5A}"
EndProject
Project("{2150E333-8FDC-42A3-9474-1A3956D46DE8}") = "Basket", "Basket", "{0A5EEF74-B406-4EF3-8172-183E4991167F}"
EndProject
Project("{FAE04EC0-301F-11D3-BF4B-00C04F79EFBC}") = "Basket.API", "Services\Basket\Basket.API\Basket.API.csproj", "{EE008F4D-CF1B-472F-A3C1-DD73810B58F4}"
EndProject
Project("{2150E333-8FDC-42A3-9474-1A3956D46DE8}") = "Discount", "Discount", "{638F25FA-3E96-4A80-BD3E-028351B03974}"
EndProject
Project("{FAE04EC0-301F-11D3-BF4B-00C04F79EFBC}") = "Discount.Grpc", "Services\Discount\Discount.Grpc\Discount.Grpc.csproj", "{CBCA67F1-4EAA-4B33-B807-EA36DB5192E4}"
EndProject
Global
	GlobalSection(SolutionConfigurationPlatforms) = preSolution
		Debug|Any CPU = Debug|Any CPU
		Release|Any CPU = Release|Any CPU
	EndGlobalSection
	GlobalSection(ProjectConfigurationPlatforms) = postSolution
		{94B4C0E4-FBC8-4615-BAE4-C37BECDE08AF}.Debug|Any CPU.ActiveCfg = Debug|Any CPU
		{94B4C0E4-FBC8-4615-BAE4-C37BECDE08AF}.Debug|Any CPU.Build.0 = Debug|Any CPU
		{94B4C0E4-FBC8-4615-BAE4-C37BECDE08AF}.Release|Any CPU.ActiveCfg = Release|Any CPU
		{94B4C0E4-FBC8-4615-BAE4-C37BECDE08AF}.Release|Any CPU.Build.0 = Release|Any CPU
		{E095F068-4372-4820-B93A-7189A5D9D667}.Debug|Any CPU.ActiveCfg = Debug|Any CPU
		{E095F068-4372-4820-B93A-7189A5D9D667}.Debug|Any CPU.Build.0 = Debug|Any CPU
		{E095F068-4372-4820-B93A-7189A5D9D667}.Release|Any CPU.ActiveCfg = Release|Any CPU
		{E095F068-4372-4820-B93A-7189A5D9D667}.Release|Any CPU.Build.0 = Release|Any CPU
		{81DDED9D-158B-E303-5F62-77A2896D2A5A}.Debug|Any CPU.ActiveCfg = Debug|Any CPU
		{81DDED9D-158B-E303-5F62-77A2896D2A5A}.Debug|Any CPU.Build.0 = Debug|Any CPU
		{81DDED9D-158B-E303-5F62-77A2896D2A5A}.Release|Any CPU.ActiveCfg = Release|Any CPU
		{81DDED9D-158B-E303-5F62-77A2896D2A5A}.Release|Any CPU.Build.0 = Release|Any CPU
		{EE008F4D-CF1B-472F-A3C1-DD73810B58F4}.Debug|Any CPU.ActiveCfg = Debug|Any CPU
		{EE008F4D-CF1B-472F-A3C1-DD73810B58F4}.Debug|Any CPU.Build.0 = Debug|Any CPU
		{EE008F4D-CF1B-472F-A3C1-DD73810B58F4}.Release|Any CPU.ActiveCfg = Release|Any CPU
		{EE008F4D-CF1B-472F-A3C1-DD73810B58F4}.Release|Any CPU.Build.0 = Release|Any CPU
		{CBCA67F1-4EAA-4B33-B807-EA36DB5192E4}.Debug|Any CPU.ActiveCfg = Debug|Any CPU
		{CBCA67F1-4EAA-4B33-B807-EA36DB5192E4}.Debug|Any CPU.Build.0 = Debug|Any CPU
		{CBCA67F1-4EAA-4B33-B807-EA36DB5192E4}.Release|Any CPU.ActiveCfg = Release|Any CPU
		{CBCA67F1-4EAA-4B33-B807-EA36DB5192E4}.Release|Any CPU.Build.0 = Release|Any CPU
	EndGlobalSection
	GlobalSection(SolutionProperties) = preSolution
		HideSolutionNode = FALSE
	EndGlobalSection
	GlobalSection(NestedProjects) = preSolution
		{006BE102-2A67-4643-8528-39E0CABC45E4} = {02EA681E-C7D8-13C7-8484-4AC65E1B71E8}
		{94B4C0E4-FBC8-4615-BAE4-C37BECDE08AF} = {006BE102-2A67-4643-8528-39E0CABC45E4}
		{E095F068-4372-4820-B93A-7189A5D9D667} = {06C4B060-FF44-4AB2-B107-D25D58A2DD0B}
		{0A5EEF74-B406-4EF3-8172-183E4991167F} = {02EA681E-C7D8-13C7-8484-4AC65E1B71E8}
		{EE008F4D-CF1B-472F-A3C1-DD73810B58F4} = {0A5EEF74-B406-4EF3-8172-183E4991167F}
		{638F25FA-3E96-4A80-BD3E-028351B03974} = {02EA681E-C7D8-13C7-8484-4AC65E1B71E8}
		{CBCA67F1-4EAA-4B33-B807-EA36DB5192E4} = {638F25FA-3E96-4A80-BD3E-028351B03974}
	EndGlobalSection
	GlobalSection(ExtensibilityGlobals) = postSolution
		SolutionGuid = {77868503-746C-4937-BC6F-A0252FE2526C}
	EndGlobalSection
EndGlobal
